# This file is automatically @generated by Cargo.
# It is not intended for manual editing.
version = 4

[[package]]
name = "memchr"
version = "2.7.6"
source = "registry+https://github.com/rust-lang/crates.io-index"
checksum = "f52b00d39961fc5b2736ea853c9cc86238e165017a493d1d5c8eac6bdc4cc273"

[[package]]
name = "pest"
version = "2.8.4"
source = "registry+https://github.com/rust-lang/crates.io-index"
checksum = "cbcfd20a6d4eeba40179f05735784ad32bdaef05ce8e8af05f180d45bb3e7e22"
dependencies = [
 "memchr",
 "ucd-trie",
]

[[package]]
name = "sysY"
version = "0.1.0"
dependencies = [
 "pest",
]

[[package]]
name = "ucd-trie"
version = "0.1.7"
source = "registry+https://github.com/rust-lang/crates.io-index"
checksum = "2896d95c02a80c6d6a5d6e953d479f5ddf2dfdb6a244441010e373ac0fb88971"
